
Microsoft Visual Studio Solution File, Format Version 12.00
# Visual Studio Version 17
VisualStudioVersion = 17.11.35312.102
MinimumVisualStudioVersion = 10.0.40219.1
Project("{9A19103F-16F7-4668-BE54-9A1E7A4F7556}") = "TravelMangement.Domain", "TravelMangement.Domain\TravelMangement.Domain.csproj", "{B9EDF2C6-58D7-4D84-87D1-331B09CCD75F}"
EndProject
Project("{FAE04EC0-301F-11D3-BF4B-00C04F79EFBC}") = "TravelMangement.shared.Abstractions", "TravelMangement.shared.Abstractions\TravelMangement.shared.Abstractions.csproj", "{0D449686-BE69-47DC-BFBE-30D3E98DC929}"
EndProject
Global
	GlobalSection(SolutionConfigurationPlatforms) = preSolution
		Debug|Any CPU = Debug|Any CPU
		Release|Any CPU = Release|Any CPU
	EndGlobalSection
	GlobalSection(ProjectConfigurationPlatforms) = postSolution
		{B9EDF2C6-58D7-4D84-87D1-331B09CCD75F}.Debug|Any CPU.ActiveCfg = Debug|Any CPU
		{B9EDF2C6-58D7-4D84-87D1-331B09CCD75F}.Debug|Any CPU.Build.0 = Debug|Any CPU
		{B9EDF2C6-58D7-4D84-87D1-331B09CCD75F}.Release|Any CPU.ActiveCfg = Release|Any CPU
		{B9EDF2C6-58D7-4D84-87D1-331B09CCD75F}.Release|Any CPU.Build.0 = Release|Any CPU
		{0D449686-BE69-47DC-BFBE-30D3E98DC929}.Debug|Any CPU.ActiveCfg = Debug|Any CPU
		{0D449686-BE69-47DC-BFBE-30D3E98DC929}.Debug|Any CPU.Build.0 = Debug|Any CPU
		{0D449686-BE69-47DC-BFBE-30D3E98DC929}.Release|Any CPU.ActiveCfg = Release|Any CPU
		{0D449686-BE69-47DC-BFBE-30D3E98DC929}.Release|Any CPU.Build.0 = Release|Any CPU
	EndGlobalSection
	GlobalSection(SolutionProperties) = preSolution
		HideSolutionNode = FALSE
	EndGlobalSection
	GlobalSection(ExtensibilityGlobals) = postSolution
		SolutionGuid = {781F57FB-3163-48E6-8D51-6FC373363E1C}
	EndGlobalSection
EndGlobal
